PODS:
  - Kiwi/ARC (2.2.3)
  - Kiwi/NonARC (2.2.3)
  - Kiwi/XCTest (2.2.3):
    - Kiwi/ARC
    - Kiwi/NonARC
  - ReactiveCocoa (2.2.4):
    - ReactiveCocoa/Core
    - ReactiveCocoa/no-arc
  - ReactiveCocoa/Core (2.2.4):
    - ReactiveCocoa/no-arc
  - ReactiveCocoa/no-arc (2.2.4)

DEPENDENCIES:
  - Kiwi/XCTest
  - ReactiveCocoa

SPEC CHECKSUMS:
  Kiwi: 04c51e880831d291748ec702d42c4101f7eb95c9
  ReactiveCocoa: 953a45dda30674fe704d1d9c77cc874141742f47

COCOAPODS: 0.29.0
